
Microsoft Visual Studio Solution File, Format Version 12.00
# Visual Studio Version 17
VisualStudioVersion = 17.2.32630.192
MinimumVisualStudioVersion = 10.0.40219.1
Project("{2150E333-8FDC-42A3-9474-1A3956D46DE8}") = "Src", "Src", "{F16550F6-4EDD-4299-8A81-47D8A2EDB257}"
EndProject
Project("{2150E333-8FDC-42A3-9474-1A3956D46DE8}") = "Core", "Core", "{F79445BF-485C-49AE-ACFC-810BEBEC6A4F}"
EndProject
Project("{9A19103F-16F7-4668-BE54-9A1E7A4F7556}") = "Domain", "Domain\Domain.csproj", "{C5A9DC72-0104-4D98-8233-F315DAFAF4A4}"
EndProject
Project("{9A19103F-16F7-4668-BE54-9A1E7A4F7556}") = "Application", "Application\Application.csproj", "{50CC8A30-FA3E-4A35-A39B-9118BC83FB5D}"
EndProject
Project("{2150E333-8FDC-42A3-9474-1A3956D46DE8}") = "Infrastructures", "Infrastructures", "{29E4C0E1-0819-4652-B780-0A593B167B2A}"
EndProject
Project("{9A19103F-16F7-4668-BE54-9A1E7A4F7556}") = "Infrastructure", "Infrastructure\Infrastructure.csproj", "{699942A1-4732-4CE0-9FE3-8558AA05E528}"
EndProject
Project("{9A19103F-16F7-4668-BE54-9A1E7A4F7556}") = "Persistence", "Persistence\Persistence.csproj", "{4D45F91F-820E-490B-84C2-F85050C858B1}"
EndProject
Project("{2150E333-8FDC-42A3-9474-1A3956D46DE8}") = "Persentations", "Persentations", "{CC8541CE-183F-4B97-BB1C-F7E16F8975CC}"
EndProject
Project("{9A19103F-16F7-4668-BE54-9A1E7A4F7556}") = "BookingHotelUI", "BookingHotelUI\BookingHotelUI.csproj", "{D6873571-43B4-441D-98A2-A67C6D73BE30}"
EndProject
Project("{9A19103F-16F7-4668-BE54-9A1E7A4F7556}") = "Admin", "Admin\Admin.csproj", "{D38B6AB8-C141-4927-9F0D-DF9CDC3046B1}"
EndProject
Project("{9A19103F-16F7-4668-BE54-9A1E7A4F7556}") = "StaticFiles", "StaticFiles\StaticFiles.csproj", "{67F62B37-B0A1-4C87-B8DF-D4C622F2762B}"
EndProject
Global
	GlobalSection(SolutionConfigurationPlatforms) = preSolution
		Debug|Any CPU = Debug|Any CPU
		Release|Any CPU = Release|Any CPU
	EndGlobalSection
	GlobalSection(ProjectConfigurationPlatforms) = postSolution
		{C5A9DC72-0104-4D98-8233-F315DAFAF4A4}.Debug|Any CPU.ActiveCfg = Debug|Any CPU
		{C5A9DC72-0104-4D98-8233-F315DAFAF4A4}.Debug|Any CPU.Build.0 = Debug|Any CPU
		{C5A9DC72-0104-4D98-8233-F315DAFAF4A4}.Release|Any CPU.ActiveCfg = Release|Any CPU
		{C5A9DC72-0104-4D98-8233-F315DAFAF4A4}.Release|Any CPU.Build.0 = Release|Any CPU
		{50CC8A30-FA3E-4A35-A39B-9118BC83FB5D}.Debug|Any CPU.ActiveCfg = Debug|Any CPU
		{50CC8A30-FA3E-4A35-A39B-9118BC83FB5D}.Debug|Any CPU.Build.0 = Debug|Any CPU
		{50CC8A30-FA3E-4A35-A39B-9118BC83FB5D}.Release|Any CPU.ActiveCfg = Release|Any CPU
		{50CC8A30-FA3E-4A35-A39B-9118BC83FB5D}.Release|Any CPU.Build.0 = Release|Any CPU
		{699942A1-4732-4CE0-9FE3-8558AA05E528}.Debug|Any CPU.ActiveCfg = Debug|Any CPU
		{699942A1-4732-4CE0-9FE3-8558AA05E528}.Debug|Any CPU.Build.0 = Debug|Any CPU
		{699942A1-4732-4CE0-9FE3-8558AA05E528}.Release|Any CPU.ActiveCfg = Release|Any CPU
		{699942A1-4732-4CE0-9FE3-8558AA05E528}.Release|Any CPU.Build.0 = Release|Any CPU
		{4D45F91F-820E-490B-84C2-F85050C858B1}.Debug|Any CPU.ActiveCfg = Debug|Any CPU
		{4D45F91F-820E-490B-84C2-F85050C858B1}.Debug|Any CPU.Build.0 = Debug|Any CPU
		{4D45F91F-820E-490B-84C2-F85050C858B1}.Release|Any CPU.ActiveCfg = Release|Any CPU
		{4D45F91F-820E-490B-84C2-F85050C858B1}.Release|Any CPU.Build.0 = Release|Any CPU
		{D6873571-43B4-441D-98A2-A67C6D73BE30}.Debug|Any CPU.ActiveCfg = Debug|Any CPU
		{D6873571-43B4-441D-98A2-A67C6D73BE30}.Debug|Any CPU.Build.0 = Debug|Any CPU
		{D6873571-43B4-441D-98A2-A67C6D73BE30}.Release|Any CPU.ActiveCfg = Release|Any CPU
		{D6873571-43B4-441D-98A2-A67C6D73BE30}.Release|Any CPU.Build.0 = Release|Any CPU
		{D38B6AB8-C141-4927-9F0D-DF9CDC3046B1}.Debug|Any CPU.ActiveCfg = Debug|Any CPU
		{D38B6AB8-C141-4927-9F0D-DF9CDC3046B1}.Debug|Any CPU.Build.0 = Debug|Any CPU
		{D38B6AB8-C141-4927-9F0D-DF9CDC3046B1}.Release|Any CPU.ActiveCfg = Release|Any CPU
		{D38B6AB8-C141-4927-9F0D-DF9CDC3046B1}.Release|Any CPU.Build.0 = Release|Any CPU
		{67F62B37-B0A1-4C87-B8DF-D4C622F2762B}.Debug|Any CPU.ActiveCfg = Debug|Any CPU
		{67F62B37-B0A1-4C87-B8DF-D4C622F2762B}.Debug|Any CPU.Build.0 = Debug|Any CPU
		{67F62B37-B0A1-4C87-B8DF-D4C622F2762B}.Release|Any CPU.ActiveCfg = Release|Any CPU
		{67F62B37-B0A1-4C87-B8DF-D4C622F2762B}.Release|Any CPU.Build.0 = Release|Any CPU
	EndGlobalSection
	GlobalSection(SolutionProperties) = preSolution
		HideSolutionNode = FALSE
	EndGlobalSection
	GlobalSection(NestedProjects) = preSolution
		{F79445BF-485C-49AE-ACFC-810BEBEC6A4F} = {F16550F6-4EDD-4299-8A81-47D8A2EDB257}
		{C5A9DC72-0104-4D98-8233-F315DAFAF4A4} = {F79445BF-485C-49AE-ACFC-810BEBEC6A4F}
		{50CC8A30-FA3E-4A35-A39B-9118BC83FB5D} = {F79445BF-485C-49AE-ACFC-810BEBEC6A4F}
		{29E4C0E1-0819-4652-B780-0A593B167B2A} = {F16550F6-4EDD-4299-8A81-47D8A2EDB257}
		{699942A1-4732-4CE0-9FE3-8558AA05E528} = {29E4C0E1-0819-4652-B780-0A593B167B2A}
		{4D45F91F-820E-490B-84C2-F85050C858B1} = {29E4C0E1-0819-4652-B780-0A593B167B2A}
		{CC8541CE-183F-4B97-BB1C-F7E16F8975CC} = {F16550F6-4EDD-4299-8A81-47D8A2EDB257}
		{D6873571-43B4-441D-98A2-A67C6D73BE30} = {CC8541CE-183F-4B97-BB1C-F7E16F8975CC}
		{D38B6AB8-C141-4927-9F0D-DF9CDC3046B1} = {CC8541CE-183F-4B97-BB1C-F7E16F8975CC}
		{67F62B37-B0A1-4C87-B8DF-D4C622F2762B} = {CC8541CE-183F-4B97-BB1C-F7E16F8975CC}
	EndGlobalSection
	GlobalSection(ExtensibilityGlobals) = postSolution
		SolutionGuid = {44517AE1-3F6A-4AA7-8999-0C17E049366C}
	EndGlobalSection
EndGlobal
